
Microsoft Visual Studio Solution File, Format Version 12.00
# Visual Studio Version 16
VisualStudioVersion = 16.0.31911.196
MinimumVisualStudioVersion = 10.0.40219.1
Project("{FAE04EC0-301F-11D3-BF4B-00C04F79EFBC}") = "weather_jwt", "weather_jwt\weather_jwt.csproj", "{0986D71E-0717-4C0F-A4A4-2468879F3289}"
EndProject
Global
	GlobalSection(SolutionConfigurationPlatforms) = preSolution
		Debug|Any CPU = Debug|Any CPU
		Release|Any CPU = Release|Any CPU
	EndGlobalSection
	GlobalSection(ProjectConfigurationPlatforms) = postSolution
		{0986D71E-0717-4C0F-A4A4-2468879F3289}.Debug|Any CPU.ActiveCfg = Debug|Any CPU
		{0986D71E-0717-4C0F-A4A4-2468879F3289}.Debug|Any CPU.Build.0 = Debug|Any CPU
		{0986D71E-0717-4C0F-A4A4-2468879F3289}.Release|Any CPU.ActiveCfg = Release|Any CPU
		{0986D71E-0717-4C0F-A4A4-2468879F3289}.Release|Any CPU.Build.0 = Release|Any CPU
	EndGlobalSection
	GlobalSection(SolutionProperties) = preSolution
		HideSolutionNode = FALSE
	EndGlobalSection
	GlobalSection(ExtensibilityGlobals) = postSolution
		SolutionGuid = {F3673E9A-F12C-4CFB-A7F1-07CA943A2883}
	EndGlobalSection
EndGlobal
